{
  "nodes": {
    "nixpkgs": {
      "locked": {
        "lastModified": 1757829421,
        "narHash": "sha256-geZOikNzDGJLbWjHQoVfIfrdQ00VoMG7fpZdmI6NSY0=",
        "owner": "NixOS",
        "repo": "nixpkgs",
        "rev": "d12e9167e6fe1455c0910825616545af08d38936",
        "type": "github"
      },
      "original": {
        "owner": "NixOS",
        "repo": "nixpkgs",
        "type": "github"
      }
    },
    "root": {
      "inputs": {
        "nixpkgs": "nixpkgs"
      }
    }
  },
  "root": "root",
  "version": 7
}
